
Microsoft Visual Studio Solution File, Format Version 12.00
# Visual Studio Version 16
VisualStudioVersion = 16.0.29905.134
MinimumVisualStudioVersion = 10.0.40219.1
Project("{F184B08F-C81C-45F6-A57F-5ABD9991F28F}") = "RMS-Project", "RMS-Project\RMS-Project.vbproj", "{5C65262E-71B1-48B5-A425-5BC0B6E77D50}"
EndProject
Global
	GlobalSection(SolutionConfigurationPlatforms) = preSolution
		Debug|Any CPU = Debug|Any CPU
		Release|Any CPU = Release|Any CPU
	EndGlobalSection
	GlobalSection(ProjectConfigurationPlatforms) = postSolution
		{5C65262E-71B1-48B5-A425-5BC0B6E77D50}.Debug|Any CPU.ActiveCfg = Debug|Any CPU
		{5C65262E-71B1-48B5-A425-5BC0B6E77D50}.Debug|Any CPU.Build.0 = Debug|Any CPU
		{5C65262E-71B1-48B5-A425-5BC0B6E77D50}.Release|Any CPU.ActiveCfg = Release|Any CPU
		{5C65262E-71B1-48B5-A425-5BC0B6E77D50}.Release|Any CPU.Build.0 = Release|Any CPU
	EndGlobalSection
	GlobalSection(SolutionProperties) = preSolution
		HideSolutionNode = FALSE
	EndGlobalSection
	GlobalSection(ExtensibilityGlobals) = postSolution
		SolutionGuid = {94AE4239-6289-4AD1-BA41-CB7149DE9E30}
	EndGlobalSection
EndGlobal
